
Microsoft Visual Studio Solution File, Format Version 12.00
# Visual Studio Version 16
VisualStudioVersion = 16.0.31129.286
MinimumVisualStudioVersion = 10.0.40219.1
Project("{FAE04EC0-301F-11D3-BF4B-00C04F79EFBC}") = "Test", "Test\Test.csproj", "{F228A0FC-E5F4-495B-910E-FF0DDE14AACB}"
EndProject
Global
	GlobalSection(SolutionConfigurationPlatforms) = preSolution
		Debug|Any CPU = Debug|Any CPU
		Release|Any CPU = Release|Any CPU
	EndGlobalSection
	GlobalSection(ProjectConfigurationPlatforms) = postSolution
		{F228A0FC-E5F4-495B-910E-FF0DDE14AACB}.Debug|Any CPU.ActiveCfg = Debug|Any CPU
		{F228A0FC-E5F4-495B-910E-FF0DDE14AACB}.Debug|Any CPU.Build.0 = Debug|Any CPU
		{F228A0FC-E5F4-495B-910E-FF0DDE14AACB}.Release|Any CPU.ActiveCfg = Release|Any CPU
		{F228A0FC-E5F4-495B-910E-FF0DDE14AACB}.Release|Any CPU.Build.0 = Release|Any CPU
	EndGlobalSection
	GlobalSection(SolutionProperties) = preSolution
		HideSolutionNode = FALSE
	EndGlobalSection
	GlobalSection(ExtensibilityGlobals) = postSolution
		SolutionGuid = {B49E16C4-7C17-4D98-9429-65FC16D6017F}
	EndGlobalSection
EndGlobal
